
Microsoft Visual Studio Solution File, Format Version 12.00
# Visual Studio Version 17
VisualStudioVersion = 17.10.35122.118
MinimumVisualStudioVersion = 10.0.40219.1
Project("{FAE04EC0-301F-11D3-BF4B-00C04F79EFBC}") = "pratik_Array", "pratik_Array\pratik_Array.csproj", "{F575C13C-F303-4331-9832-B26E07DAFE75}"
EndProject
Global
	GlobalSection(SolutionConfigurationPlatforms) = preSolution
		Debug|Any CPU = Debug|Any CPU
		Release|Any CPU = Release|Any CPU
	EndGlobalSection
	GlobalSection(ProjectConfigurationPlatforms) = postSolution
		{F575C13C-F303-4331-9832-B26E07DAFE75}.Debug|Any CPU.ActiveCfg = Debug|Any CPU
		{F575C13C-F303-4331-9832-B26E07DAFE75}.Debug|Any CPU.Build.0 = Debug|Any CPU
		{F575C13C-F303-4331-9832-B26E07DAFE75}.Release|Any CPU.ActiveCfg = Release|Any CPU
		{F575C13C-F303-4331-9832-B26E07DAFE75}.Release|Any CPU.Build.0 = Release|Any CPU
	EndGlobalSection
	GlobalSection(SolutionProperties) = preSolution
		HideSolutionNode = FALSE
	EndGlobalSection
	GlobalSection(ExtensibilityGlobals) = postSolution
		SolutionGuid = {FABE50CF-CD9F-495A-92AB-ACFB04D10E7B}
	EndGlobalSection
EndGlobal
